<Solution>
  <Folder Name="/OvoUi.AvaloniaEdit/">
    <Project Path="src/OvoUi.AvaloniaEdit.Showcase.Generator/OvoUi.AvaloniaEdit.Showcase.Generator.csproj" />
    <Project Path="src/OvoUi.AvaloniaEdit.Showcase/OvoUi.AvaloniaEdit.Showcase.csproj" />
    <Project Path="src/OvoUi.AvaloniaEdit/OvoUi.AvaloniaEdit.csproj" />
  </Folder>
  <Folder Name="/OvoUi.Demo/">
    <Project Path="src/Demo/OvoUi.Demo.Browser/OvoUi.Demo.Browser.csproj" />
    <Project Path="src/Demo/OvoUi.Demo.Desktop/OvoUi.Demo.Desktop.csproj" />
    <Project Path="src/Demo/OvoUi.Demo.iOS/OvoUi.Demo.iOS.csproj">
      <Deploy />
    </Project>
    <Project Path="src/Demo/OvoUi.Demo/OvoUi.Demo.csproj" />
  </Folder>
  <Project Path="src/OvoUi.Fonts/OvoUi.Fonts.csproj" />
  <Project Path="src/OvoUi.Test/OvoUi.Test.csproj" />
  <Project Path="src/OvoUi/OvoUi.csproj" />
</Solution>
